
Microsoft Visual Studio Solution File, Format Version 12.00
# Visual Studio 15
VisualStudioVersion = 15.0.28010.2036
MinimumVisualStudioVersion = 10.0.40219.1
Project("{9A19103F-16F7-4668-BE54-9A1E7A4F7556}") = "EvenNumbers", "EvenNumbers\EvenNumbers.csproj", "{E809BC27-F21C-4585-8354-2934AD7C514A}"
EndProject
Project("{FAE04EC0-301F-11D3-BF4B-00C04F79EFBC}") = "Sum Numbers", "Sum Numbers\Sum Numbers.csproj", "{24326F68-A4DF-428F-9086-5FFEF15BFF31}"
EndProject
Project("{FAE04EC0-301F-11D3-BF4B-00C04F79EFBC}") = "Count Uppercase Words", "Count Uppercase Words\Count Uppercase Words.csproj", "{BCF95E30-8E41-465C-B6BE-D474222D5534}"
EndProject
Project("{FAE04EC0-301F-11D3-BF4B-00C04F79EFBC}") = "Add VAT", "Add VAT\Add VAT.csproj", "{DE2E9A45-1020-41A9-9D68-E19742332B88}"
EndProject
Project("{FAE04EC0-301F-11D3-BF4B-00C04F79EFBC}") = "Filter By Age", "Filter By Age\Filter By Age.csproj", "{604F95BF-68F7-4050-BEC5-ACE7E8152547}"
EndProject
Global
	GlobalSection(SolutionConfigurationPlatforms) = preSolution
		Debug|Any CPU = Debug|Any CPU
		Release|Any CPU = Release|Any CPU
	EndGlobalSection
	GlobalSection(ProjectConfigurationPlatforms) = postSolution
		{E809BC27-F21C-4585-8354-2934AD7C514A}.Debug|Any CPU.ActiveCfg = Debug|Any CPU
		{E809BC27-F21C-4585-8354-2934AD7C514A}.Debug|Any CPU.Build.0 = Debug|Any CPU
		{E809BC27-F21C-4585-8354-2934AD7C514A}.Release|Any CPU.ActiveCfg = Release|Any CPU
		{E809BC27-F21C-4585-8354-2934AD7C514A}.Release|Any CPU.Build.0 = Release|Any CPU
		{24326F68-A4DF-428F-9086-5FFEF15BFF31}.Debug|Any CPU.ActiveCfg = Debug|Any CPU
		{24326F68-A4DF-428F-9086-5FFEF15BFF31}.Debug|Any CPU.Build.0 = Debug|Any CPU
		{24326F68-A4DF-428F-9086-5FFEF15BFF31}.Release|Any CPU.ActiveCfg = Release|Any CPU
		{24326F68-A4DF-428F-9086-5FFEF15BFF31}.Release|Any CPU.Build.0 = Release|Any CPU
		{BCF95E30-8E41-465C-B6BE-D474222D5534}.Debug|Any CPU.ActiveCfg = Debug|Any CPU
		{BCF95E30-8E41-465C-B6BE-D474222D5534}.Debug|Any CPU.Build.0 = Debug|Any CPU
		{BCF95E30-8E41-465C-B6BE-D474222D5534}.Release|Any CPU.ActiveCfg = Release|Any CPU
		{BCF95E30-8E41-465C-B6BE-D474222D5534}.Release|Any CPU.Build.0 = Release|Any CPU
		{DE2E9A45-1020-41A9-9D68-E19742332B88}.Debug|Any CPU.ActiveCfg = Debug|Any CPU
		{DE2E9A45-1020-41A9-9D68-E19742332B88}.Debug|Any CPU.Build.0 = Debug|Any CPU
		{DE2E9A45-1020-41A9-9D68-E19742332B88}.Release|Any CPU.ActiveCfg = Release|Any CPU
		{DE2E9A45-1020-41A9-9D68-E19742332B88}.Release|Any CPU.Build.0 = Release|Any CPU
		{604F95BF-68F7-4050-BEC5-ACE7E8152547}.Debug|Any CPU.ActiveCfg = Debug|Any CPU
		{604F95BF-68F7-4050-BEC5-ACE7E8152547}.Debug|Any CPU.Build.0 = Debug|Any CPU
		{604F95BF-68F7-4050-BEC5-ACE7E8152547}.Release|Any CPU.ActiveCfg = Release|Any CPU
		{604F95BF-68F7-4050-BEC5-ACE7E8152547}.Release|Any CPU.Build.0 = Release|Any CPU
	EndGlobalSection
	GlobalSection(SolutionProperties) = preSolution
		HideSolutionNode = FALSE
	EndGlobalSection
	GlobalSection(ExtensibilityGlobals) = postSolution
		SolutionGuid = {FFC3313F-41F0-43D8-ABE7-38CCFE824AE0}
	EndGlobalSection
EndGlobal
